
Microsoft Visual Studio Solution File, Format Version 12.00
# Visual Studio Version 16
VisualStudioVersion = 16.0.29424.173
MinimumVisualStudioVersion = 10.0.40219.1
Project("{FAE04EC0-301F-11D3-BF4B-00C04F79EFBC}") = "TEA Algorithm", "TEA Algorithm\TEA Algorithm.csproj", "{0B24FE39-5712-4EEE-AFEC-6D70D3E00663}"
EndProject
Global
	GlobalSection(SolutionConfigurationPlatforms) = preSolution
		Debug|Any CPU = Debug|Any CPU
		Release|Any CPU = Release|Any CPU
	EndGlobalSection
	GlobalSection(ProjectConfigurationPlatforms) = postSolution
		{0B24FE39-5712-4EEE-AFEC-6D70D3E00663}.Debug|Any CPU.ActiveCfg = Debug|Any CPU
		{0B24FE39-5712-4EEE-AFEC-6D70D3E00663}.Debug|Any CPU.Build.0 = Debug|Any CPU
		{0B24FE39-5712-4EEE-AFEC-6D70D3E00663}.Release|Any CPU.ActiveCfg = Release|Any CPU
		{0B24FE39-5712-4EEE-AFEC-6D70D3E00663}.Release|Any CPU.Build.0 = Release|Any CPU
	EndGlobalSection
	GlobalSection(SolutionProperties) = preSolution
		HideSolutionNode = FALSE
	EndGlobalSection
	GlobalSection(ExtensibilityGlobals) = postSolution
		SolutionGuid = {3B2BF3B2-24AD-45FC-8FF5-6B6C699D456A}
	EndGlobalSection
EndGlobal
